// !$*UTF8*$!
{
	archiveVersion = 1;
	classes = {
	};
	objectVersion = 77;
	objects = {

/* Begin PBXBuildFile section */
		0D1AA0040000000000000001 /* AppIcon60x60@2x.png in Resources */ = {isa = PBXBuildFile; fileRef = 0D1AA0060000000000000001 /* AppIcon60x60@2x.png */; };
		0D1AA0050000000000000001 /* AppIcon60x60@3x.png in Resources */ = {isa = PBXBuildFile; fileRef = 0D1AA0070000000000000001 /* AppIcon60x60@3x.png */; };
		098CC6B224C2F37851BD0C18 /* AgentRoomWebSocket.swift in Sources */ = {isa = PBXBuildFile; fileRef = 944027E3A2CB4C6AF7F55473 /* AgentRoomWebSocket.swift */; };
		1CA8638A65606E5CA9372C77 /* AgentRoomModels.swift in Sources */ = {isa = PBXBuildFile; fileRef = 7B1CD3E1C25E76E0B16D2D93 /* AgentRoomModels.swift */; };
		4A1B7DACF13CA2BCA30482D9 /* AgentRoomMobileAppTests.swift in Sources */ = {isa = PBXBuildFile; fileRef = 408DC10EA969D4C07A1F76A9 /* AgentRoomMobileAppTests.swift */; };
		95054EDBA23C2E2D0C5F24D8 /* AgentRoomRootView.swift in Sources */ = {isa = PBXBuildFile; fileRef = CBF2E1B824D16542DC175798 /* AgentRoomRootView.swift */; };
		9EDFE2B2B929F6317C6D1C8E /* AgentRoomStore.swift in Sources */ = {isa = PBXBuildFile; fileRef = D06B4ADD08B31EA16E7FE0C2 /* AgentRoomStore.swift */; };
		B8AFF39EF3EBEB0A7168F966 /* AgentRoomCoding.swift in Sources */ = {isa = PBXBuildFile; fileRef = ABF339BFECE35A1DC609B0B6 /* AgentRoomCoding.swift */; };
		C6C4FEA8FB88A8AB4068710B /* AgentRoomMobileApp.swift in Sources */ = {isa = PBXBuildFile; fileRef = 82733490B732A12D28D4EF69 /* AgentRoomMobileApp.swift */; };
		F345100F00E37EEF82F9A861 /* AgentRoomAPI.swift in Sources */ = {isa = PBXBuildFile; fileRef = 57FDD7F28595B1E5D532C9B3 /* AgentRoomAPI.swift */; };
/* End PBXBuildFile section */

/* Begin PBXContainerItemProxy section */
		8206640181793A7A685EB400 /* PBXContainerItemProxy */ = {
			isa = PBXContainerItemProxy;
			containerPortal = B3266D74EA4C19DFA2E12078 /* Project object */;
			proxyType = 1;
			remoteGlobalIDString = 784CD0F8EFE7D8C55565BFC0;
			remoteInfo = AgentRoomMobileApp;
		};
/* End PBXContainerItemProxy section */

/* Begin PBXFileReference section */
		0D1AA0060000000000000001 /* AppIcon60x60@2x.png */ = {isa = PBXFileReference; lastKnownFileType = image.png; path = "AppIcon60x60@2x.png"; sourceTree = "<group>"; };
		0D1AA0070000000000000001 /* AppIcon60x60@3x.png */ = {isa = PBXFileReference; lastKnownFileType = image.png; path = "AppIcon60x60@3x.png"; sourceTree = "<group>"; };
		0D1AA0080000000000000001 /* Info.plist */ = {isa = PBXFileReference; lastKnownFileType = text.plist.xml; path = Info.plist; sourceTree = "<group>"; };
		408DC10EA969D4C07A1F76A9 /* AgentRoomMobileAppTests.swift */ = {isa = PBXFileReference; lastKnownFileType = sourcecode.swift; path = AgentRoomMobileAppTests.swift; sourceTree = "<group>"; };
		57FDD7F28595B1E5D532C9B3 /* AgentRoomAPI.swift */ = {isa = PBXFileReference; lastKnownFileType = sourcecode.swift; path = AgentRoomAPI.swift; sourceTree = "<group>"; };
		7B1CD3E1C25E76E0B16D2D93 /* AgentRoomModels.swift */ = {isa = PBXFileReference; lastKnownFileType = sourcecode.swift; path = AgentRoomModels.swift; sourceTree = "<group>"; };
		82733490B732A12D28D4EF69 /* AgentRoomMobileApp.swift */ = {isa = PBXFileReference; lastKnownFileType = sourcecode.swift; path = AgentRoomMobileApp.swift; sourceTree = "<group>"; };
		944027E3A2CB4C6AF7F55473 /* AgentRoomWebSocket.swift */ = {isa = PBXFileReference; lastKnownFileType = sourcecode.swift; path = AgentRoomWebSocket.swift; sourceTree = "<group>"; };
		ABF339BFECE35A1DC609B0B6 /* AgentRoomCoding.swift */ = {isa = PBXFileReference; lastKnownFileType = sourcecode.swift; path = AgentRoomCoding.swift; sourceTree = "<group>"; };
		CBF2E1B824D16542DC175798 /* AgentRoomRootView.swift */ = {isa = PBXFileReference; lastKnownFileType = sourcecode.swift; path = AgentRoomRootView.swift; sourceTree = "<group>"; };
		D06B4ADD08B31EA16E7FE0C2 /* AgentRoomStore.swift */ = {isa = PBXFileReference; lastKnownFileType = sourcecode.swift; path = AgentRoomStore.swift; sourceTree = "<group>"; };
		F34A7ADD5EE1FEFDA26645D8 /* AgentRoomMobileApp.app */ = {isa = PBXFileReference; includeInIndex = 0; lastKnownFileType = wrapper.application; path = AgentRoomMobileApp.app; sourceTree = BUILT_PRODUCTS_DIR; };
		F43CB8200D13C76C7234E954 /* AgentRoomMobileAppTests.xctest */ = {isa = PBXFileReference; includeInIndex = 0; lastKnownFileType = wrapper.cfbundle; path = AgentRoomMobileAppTests.xctest; sourceTree = BUILT_PRODUCTS_DIR; };
/* End PBXFileReference section */

/* Begin PBXGroup section */
		09AD7EAE809E37DC280B960C /* AgentRoomMobileApp */ = {
			isa = PBXGroup;
			children = (
				0D1AA0060000000000000001 /* AppIcon60x60@2x.png */,
				0D1AA0070000000000000001 /* AppIcon60x60@3x.png */,
				82733490B732A12D28D4EF69 /* AgentRoomMobileApp.swift */,
				0D1AA0080000000000000001 /* Info.plist */,
			);
			name = AgentRoomMobileApp;
			path = Sources/AgentRoomMobileApp;
			sourceTree = "<group>";
		};
		12A6D52919DDD68200F2EB65 = {
			isa = PBXGroup;
			children = (
				6176111F0A49A5D10A6BCAF9 /* AgentRoomMobile */,
				09AD7EAE809E37DC280B960C /* AgentRoomMobileApp */,
				CB1B037C23805AE5CFABF19F /* AgentRoomMobileAppTests */,
				2051603107E4BCD3E8AA50D5 /* Products */,
			);
			sourceTree = "<group>";
		};
		2051603107E4BCD3E8AA50D5 /* Products */ = {
			isa = PBXGroup;
			children = (
				F34A7ADD5EE1FEFDA26645D8 /* AgentRoomMobileApp.app */,
				F43CB8200D13C76C7234E954 /* AgentRoomMobileAppTests.xctest */,
			);
			name = Products;
			sourceTree = "<group>";
		};
		6176111F0A49A5D10A6BCAF9 /* AgentRoomMobile */ = {
			isa = PBXGroup;
			children = (
				57FDD7F28595B1E5D532C9B3 /* AgentRoomAPI.swift */,
				ABF339BFECE35A1DC609B0B6 /* AgentRoomCoding.swift */,
				7B1CD3E1C25E76E0B16D2D93 /* AgentRoomModels.swift */,
				CBF2E1B824D16542DC175798 /* AgentRoomRootView.swift */,
				D06B4ADD08B31EA16E7FE0C2 /* AgentRoomStore.swift */,
				944027E3A2CB4C6AF7F55473 /* AgentRoomWebSocket.swift */,
			);
			name = AgentRoomMobile;
			path = ../AgentRoomMobile/Sources/AgentRoomMobile;
			sourceTree = "<group>";
		};
		CB1B037C23805AE5CFABF19F /* AgentRoomMobileAppTests */ = {
			isa = PBXGroup;
			children = (
				408DC10EA969D4C07A1F76A9 /* AgentRoomMobileAppTests.swift */,
			);
			name = AgentRoomMobileAppTests;
			path = Tests/AgentRoomMobileAppTests;
			sourceTree = "<group>";
		};
/* End PBXGroup section */

/* Begin PBXNativeTarget section */
		784CD0F8EFE7D8C55565BFC0 /* AgentRoomMobileApp */ = {
			isa = PBXNativeTarget;
			buildConfigurationList = A5B7CD7CB796D59A642B74A2 /* Build configuration list for PBXNativeTarget "AgentRoomMobileApp" */;
			buildPhases = (
				C3E1B41BEEB0AF58F179F7F6 /* Sources */,
				0D1AA0030000000000000001 /* Resources */,
			);
			buildRules = (
			);
			dependencies = (
			);
			name = AgentRoomMobileApp;
			packageProductDependencies = (
			);
			productName = AgentRoomMobileApp;
			productReference = F34A7ADD5EE1FEFDA26645D8 /* AgentRoomMobileApp.app */;
			productType = "com.apple.product-type.application";
		};
		F627EF4680B130D2F7E0BC84 /* AgentRoomMobileAppTests */ = {
			isa = PBXNativeTarget;
			buildConfigurationList = 1215CF448D82F0CB08A3E68C /* Build configuration list for PBXNativeTarget "AgentRoomMobileAppTests" */;
			buildPhases = (
				113EA839DAAA625FF88EA35F /* Sources */,
			);
			buildRules = (
			);
			dependencies = (
				78854E3FEBE6427CA2AD8597 /* PBXTargetDependency */,
			);
			name = AgentRoomMobileAppTests;
			packageProductDependencies = (
			);
			productName = AgentRoomMobileAppTests;
			productReference = F43CB8200D13C76C7234E954 /* AgentRoomMobileAppTests.xctest */;
			productType = "com.apple.product-type.bundle.unit-test";
		};
/* End PBXNativeTarget section */

/* Begin PBXProject section */
		B3266D74EA4C19DFA2E12078 /* Project object */ = {
			isa = PBXProject;
			attributes = {
				BuildIndependentTargetsInParallel = YES;
				LastUpgradeCheck = 1430;
				TargetAttributes = {
				};
			};
			buildConfigurationList = 04B8CB8F2E94A45D77212995 /* Build configuration list for PBXProject "AgentRoomMobileApp" */;
			developmentRegion = en;
			hasScannedForEncodings = 0;
			knownRegions = (
				Base,
				en,
			);
			mainGroup = 12A6D52919DDD68200F2EB65;
			minimizedProjectReferenceProxies = 1;
			preferredProjectObjectVersion = 77;
			productRefGroup = 2051603107E4BCD3E8AA50D5 /* Products */;
			projectDirPath = "";
			projectRoot = "";
			targets = (
				784CD0F8EFE7D8C55565BFC0 /* AgentRoomMobileApp */,
				F627EF4680B130D2F7E0BC84 /* AgentRoomMobileAppTests */,
			);
		};
/* End PBXProject section */

/* Begin PBXResourcesBuildPhase section */
		0D1AA0030000000000000001 /* Resources */ = {
			isa = PBXResourcesBuildPhase;
			buildActionMask = 2147483647;
			files = (
				0D1AA0040000000000000001 /* AppIcon60x60@2x.png in Resources */,
				0D1AA0050000000000000001 /* AppIcon60x60@3x.png in Resources */,
			);
			runOnlyForDeploymentPostprocessing = 0;
		};
/* End PBXResourcesBuildPhase section */

/* Begin PBXSourcesBuildPhase section */
		113EA839DAAA625FF88EA35F /* Sources */ = {
			isa = PBXSourcesBuildPhase;
			buildActionMask = 2147483647;
			files = (
				4A1B7DACF13CA2BCA30482D9 /* AgentRoomMobileAppTests.swift in Sources */,
			);
			runOnlyForDeploymentPostprocessing = 0;
		};
		C3E1B41BEEB0AF58F179F7F6 /* Sources */ = {
			isa = PBXSourcesBuildPhase;
			buildActionMask = 2147483647;
			files = (
				F345100F00E37EEF82F9A861 /* AgentRoomAPI.swift in Sources */,
				B8AFF39EF3EBEB0A7168F966 /* AgentRoomCoding.swift in Sources */,
				C6C4FEA8FB88A8AB4068710B /* AgentRoomMobileApp.swift in Sources */,
				1CA8638A65606E5CA9372C77 /* AgentRoomModels.swift in Sources */,
				95054EDBA23C2E2D0C5F24D8 /* AgentRoomRootView.swift in Sources */,
				9EDFE2B2B929F6317C6D1C8E /* AgentRoomStore.swift in Sources */,
				098CC6B224C2F37851BD0C18 /* AgentRoomWebSocket.swift in Sources */,
			);
			runOnlyForDeploymentPostprocessing = 0;
		};
/* End PBXSourcesBuildPhase section */

/* Begin PBXTargetDependency section */
		78854E3FEBE6427CA2AD8597 /* PBXTargetDependency */ = {
			isa = PBXTargetDependency;
			target = 784CD0F8EFE7D8C55565BFC0 /* AgentRoomMobileApp */;
			targetProxy = 8206640181793A7A685EB400 /* PBXContainerItemProxy */;
		};
/* End PBXTargetDependency section */

/* Begin XCBuildConfiguration section */
		0E2188C7B9F9C0DEA9950C0C /* Release */ = {
			isa = XCBuildConfiguration;
			buildSettings = {
				CODE_SIGNING_ALLOWED = NO;
				CODE_SIGN_IDENTITY = "iPhone Developer";
				CURRENT_PROJECT_VERSION = 1;
				GENERATE_INFOPLIST_FILE = NO;
				INFOPLIST_FILE = Sources/AgentRoomMobileApp/Info.plist;
				LD_RUNPATH_SEARCH_PATHS = (
					"$(inherited)",
					"@executable_path/Frameworks",
				);
				MARKETING_VERSION = 0.1.0;
				PRODUCT_BUNDLE_IDENTIFIER = com.agentroom.mobile;
				PRODUCT_MODULE_NAME = AgentRoomMobileApp;
				PRODUCT_NAME = AgentRoomMobileApp;
				SDKROOT = iphoneos;
				SUPPORTED_PLATFORMS = "iphoneos iphonesimulator";
				SUPPORTS_MACCATALYST = NO;
				TARGETED_DEVICE_FAMILY = 1;
			};
			name = Release;
		};
		1F17E4624A881EFA8CCE4D8C /* Release */ = {
			isa = XCBuildConfiguration;
			buildSettings = {
				BUNDLE_LOADER = "$(TEST_HOST)";
				CODE_SIGNING_ALLOWED = NO;
				GENERATE_INFOPLIST_FILE = YES;
				LD_RUNPATH_SEARCH_PATHS = (
					"$(inherited)",
					"@executable_path/Frameworks",
					"@loader_path/Frameworks",
				);
				PRODUCT_BUNDLE_IDENTIFIER = com.agentroom.mobile.tests;
				SDKROOT = iphoneos;
				SUPPORTED_PLATFORMS = "iphoneos iphonesimulator";
				SUPPORTS_MACCATALYST = NO;
				TARGETED_DEVICE_FAMILY = 1;
				TEST_HOST = "$(BUILT_PRODUCTS_DIR)/AgentRoomMobileApp.app/AgentRoomMobileApp";
			};
			name = Release;
		};
		3B4BD538A7918A8FD03D7F6F /* Release */ = {
			isa = XCBuildConfiguration;
			buildSettings = {
				ALWAYS_SEARCH_USER_PATHS = NO;
				CLANG_ANALYZER_NONNULL = YES;
				CLANG_ANALYZER_NUMBER_OBJECT_CONVERSION = YES_AGGRESSIVE;
				CLANG_CXX_LANGUAGE_STANDARD = "gnu++14";
				CLANG_CXX_LIBRARY = "libc++";
				CLANG_ENABLE_MODULES = YES;
				CLANG_ENABLE_OBJC_ARC = YES;
				CLANG_ENABLE_OBJC_WEAK = YES;
				CLANG_WARN_BLOCK_CAPTURE_AUTORELEASING = YES;
				CLANG_WARN_BOOL_CONVERSION = YES;
				CLANG_WARN_COMMA = YES;
				CLANG_WARN_CONSTANT_CONVERSION = YES;
				CLANG_WARN_DEPRECATED_OBJC_IMPLEMENTATIONS = YES;
				CLANG_WARN_DIRECT_OBJC_ISA_USAGE = YES_ERROR;
				CLANG_WARN_DOCUMENTATION_COMMENTS = YES;
				CLANG_WARN_EMPTY_BODY = YES;
				CLANG_WARN_ENUM_CONVERSION = YES;
				CLANG_WARN_INFINITE_RECURSION = YES;
				CLANG_WARN_INT_CONVERSION = YES;
				CLANG_WARN_NON_LITERAL_NULL_CONVERSION = YES;
				CLANG_WARN_OBJC_IMPLICIT_RETAIN_SELF = YES;
				CLANG_WARN_OBJC_LITERAL_CONVERSION = YES;
				CLANG_WARN_OBJC_ROOT_CLASS = YES_ERROR;
				CLANG_WARN_QUOTED_INCLUDE_IN_FRAMEWORK_HEADER = YES;
				CLANG_WARN_RANGE_LOOP_ANALYSIS = YES;
				CLANG_WARN_STRICT_PROTOTYPES = YES;
				CLANG_WARN_SUSPICIOUS_MOVE = YES;
				CLANG_WARN_UNGUARDED_AVAILABILITY = YES_AGGRESSIVE;
				CLANG_WARN_UNREACHABLE_CODE = YES;
				CLANG_WARN__DUPLICATE_METHOD_MATCH = YES;
				COPY_PHASE_STRIP = NO;
				DEBUG_INFORMATION_FORMAT = "dwarf-with-dsym";
				ENABLE_NS_ASSERTIONS = NO;
				ENABLE_STRICT_OBJC_MSGSEND = YES;
				GCC_C_LANGUAGE_STANDARD = gnu11;
				GCC_NO_COMMON_BLOCKS = YES;
				GCC_WARN_64_TO_32_BIT_CONVERSION = YES;
				GCC_WARN_ABOUT_RETURN_TYPE = YES_ERROR;
				GCC_WARN_UNDECLARED_SELECTOR = YES;
				GCC_WARN_UNINITIALIZED_AUTOS = YES_AGGRESSIVE;
				GCC_WARN_UNUSED_FUNCTION = YES;
				GCC_WARN_UNUSED_VARIABLE = YES;
				IPHONEOS_DEPLOYMENT_TARGET = 17.0;
				MTL_ENABLE_DEBUG_INFO = NO;
				MTL_FAST_MATH = YES;
				PRODUCT_NAME = "$(TARGET_NAME)";
				SDKROOT = iphoneos;
				SWIFT_COMPILATION_MODE = wholemodule;
				SWIFT_OPTIMIZATION_LEVEL = "-O";
				SWIFT_VERSION = 5.0;
			};
			name = Release;
		};
		5B853B20078AF9752D018B7A /* Debug */ = {
			isa = XCBuildConfiguration;
			buildSettings = {
				ALWAYS_SEARCH_USER_PATHS = NO;
				CLANG_ANALYZER_NONNULL = YES;
				CLANG_ANALYZER_NUMBER_OBJECT_CONVERSION = YES_AGGRESSIVE;
				CLANG_CXX_LANGUAGE_STANDARD = "gnu++14";
				CLANG_CXX_LIBRARY = "libc++";
				CLANG_ENABLE_MODULES = YES;
				CLANG_ENABLE_OBJC_ARC = YES;
				CLANG_ENABLE_OBJC_WEAK = YES;
				CLANG_WARN_BLOCK_CAPTURE_AUTORELEASING = YES;
				CLANG_WARN_BOOL_CONVERSION = YES;
				CLANG_WARN_COMMA = YES;
				CLANG_WARN_CONSTANT_CONVERSION = YES;
				CLANG_WARN_DEPRECATED_OBJC_IMPLEMENTATIONS = YES;
				CLANG_WARN_DIRECT_OBJC_ISA_USAGE = YES_ERROR;
				CLANG_WARN_DOCUMENTATION_COMMENTS = YES;
				CLANG_WARN_EMPTY_BODY = YES;
				CLANG_WARN_ENUM_CONVERSION = YES;
				CLANG_WARN_INFINITE_RECURSION = YES;
				CLANG_WARN_INT_CONVERSION = YES;
				CLANG_WARN_NON_LITERAL_NULL_CONVERSION = YES;
				CLANG_WARN_OBJC_IMPLICIT_RETAIN_SELF = YES;
				CLANG_WARN_OBJC_LITERAL_CONVERSION = YES;
				CLANG_WARN_OBJC_ROOT_CLASS = YES_ERROR;
				CLANG_WARN_QUOTED_INCLUDE_IN_FRAMEWORK_HEADER = YES;
				CLANG_WARN_RANGE_LOOP_ANALYSIS = YES;
				CLANG_WARN_STRICT_PROTOTYPES = YES;
				CLANG_WARN_SUSPICIOUS_MOVE = YES;
				CLANG_WARN_UNGUARDED_AVAILABILITY = YES_AGGRESSIVE;
				CLANG_WARN_UNREACHABLE_CODE = YES;
				CLANG_WARN__DUPLICATE_METHOD_MATCH = YES;
				COPY_PHASE_STRIP = NO;
				DEBUG_INFORMATION_FORMAT = dwarf;
				ENABLE_STRICT_OBJC_MSGSEND = YES;
				ENABLE_TESTABILITY = YES;
				GCC_C_LANGUAGE_STANDARD = gnu11;
				GCC_DYNAMIC_NO_PIC = NO;
				GCC_NO_COMMON_BLOCKS = YES;
				GCC_OPTIMIZATION_LEVEL = 0;
				GCC_PREPROCESSOR_DEFINITIONS = (
					"$(inherited)",
					"DEBUG=1",
				);
				GCC_WARN_64_TO_32_BIT_CONVERSION = YES;
				GCC_WARN_ABOUT_RETURN_TYPE = YES_ERROR;
				GCC_WARN_UNDECLARED_SELECTOR = YES;
				GCC_WARN_UNINITIALIZED_AUTOS = YES_AGGRESSIVE;
				GCC_WARN_UNUSED_FUNCTION = YES;
				GCC_WARN_UNUSED_VARIABLE = YES;
				IPHONEOS_DEPLOYMENT_TARGET = 17.0;
				MTL_ENABLE_DEBUG_INFO = INCLUDE_SOURCE;
				MTL_FAST_MATH = YES;
				ONLY_ACTIVE_ARCH = YES;
				PRODUCT_NAME = "$(TARGET_NAME)";
				SDKROOT = iphoneos;
				SWIFT_ACTIVE_COMPILATION_CONDITIONS = DEBUG;
				SWIFT_OPTIMIZATION_LEVEL = "-Onone";
				SWIFT_VERSION = 5.0;
			};
			name = Debug;
		};
		A32CE4C84FC70E1BABE5891B /* Debug */ = {
			isa = XCBuildConfiguration;
			buildSettings = {
				CODE_SIGNING_ALLOWED = NO;
				CODE_SIGN_IDENTITY = "iPhone Developer";
				CURRENT_PROJECT_VERSION = 1;
				GENERATE_INFOPLIST_FILE = NO;
				INFOPLIST_FILE = Sources/AgentRoomMobileApp/Info.plist;
				LD_RUNPATH_SEARCH_PATHS = (
					"$(inherited)",
					"@executable_path/Frameworks",
				);
				MARKETING_VERSION = 0.1.0;
				PRODUCT_BUNDLE_IDENTIFIER = com.agentroom.mobile;
				PRODUCT_MODULE_NAME = AgentRoomMobileApp;
				PRODUCT_NAME = AgentRoomMobileApp;
				SDKROOT = iphoneos;
				SUPPORTED_PLATFORMS = "iphoneos iphonesimulator";
				SUPPORTS_MACCATALYST = NO;
				TARGETED_DEVICE_FAMILY = 1;
			};
			name = Debug;
		};
		E9E11278ED8C20E2E014B572 /* Debug */ = {
			isa = XCBuildConfiguration;
			buildSettings = {
				BUNDLE_LOADER = "$(TEST_HOST)";
				CODE_SIGNING_ALLOWED = NO;
				GENERATE_INFOPLIST_FILE = YES;
				LD_RUNPATH_SEARCH_PATHS = (
					"$(inherited)",
					"@executable_path/Frameworks",
					"@loader_path/Frameworks",
				);
				PRODUCT_BUNDLE_IDENTIFIER = com.agentroom.mobile.tests;
				SDKROOT = iphoneos;
				SUPPORTED_PLATFORMS = "iphoneos iphonesimulator";
				SUPPORTS_MACCATALYST = NO;
				TARGETED_DEVICE_FAMILY = 1;
				TEST_HOST = "$(BUILT_PRODUCTS_DIR)/AgentRoomMobileApp.app/AgentRoomMobileApp";
			};
			name = Debug;
		};
/* End XCBuildConfiguration section */

/* Begin XCConfigurationList section */
		04B8CB8F2E94A45D77212995 /* Build configuration list for PBXProject "AgentRoomMobileApp" */ = {
			isa = XCConfigurationList;
			buildConfigurations = (
				5B853B20078AF9752D018B7A /* Debug */,
				3B4BD538A7918A8FD03D7F6F /* Release */,
			);
			defaultConfigurationIsVisible = 0;
			defaultConfigurationName = Debug;
		};
		1215CF448D82F0CB08A3E68C /* Build configuration list for PBXNativeTarget "AgentRoomMobileAppTests" */ = {
			isa = XCConfigurationList;
			buildConfigurations = (
				E9E11278ED8C20E2E014B572 /* Debug */,
				1F17E4624A881EFA8CCE4D8C /* Release */,
			);
			defaultConfigurationIsVisible = 0;
			defaultConfigurationName = Debug;
		};
		A5B7CD7CB796D59A642B74A2 /* Build configuration list for PBXNativeTarget "AgentRoomMobileApp" */ = {
			isa = XCConfigurationList;
			buildConfigurations = (
				A32CE4C84FC70E1BABE5891B /* Debug */,
				0E2188C7B9F9C0DEA9950C0C /* Release */,
			);
			defaultConfigurationIsVisible = 0;
			defaultConfigurationName = Debug;
		};
/* End XCConfigurationList section */
	};
	rootObject = B3266D74EA4C19DFA2E12078 /* Project object */;
}
